
Microsoft Visual Studio Solution File, Format Version 12.00
# Visual Studio Version 17
VisualStudioVersion = 17.5.002.0
MinimumVisualStudioVersion = 10.0.40219.1
Project("{9A19103F-16F7-4668-BE54-9A1E7A4F7556}") = "LuciansLusciousLasagna", "lucians-luscious-lasagna\LuciansLusciousLasagna.csproj", "{9D87CAEB-179F-43A7-9830-172188E70FB8}"
EndProject
Project("{9A19103F-16F7-4668-BE54-9A1E7A4F7556}") = "HelloWorld", "hello-world\HelloWorld.csproj", "{6633A29E-82A8-41D0-913D-ED7B093E3348}"
EndProject
Project("{9A19103F-16F7-4668-BE54-9A1E7A4F7556}") = "LogLevels", "log-levels\LogLevels.csproj", "{76D92F86-5099-46D9-B9DF-D597A2A877C3}"
EndProject
Project("{FAE04EC0-301F-11D3-BF4B-00C04F79EFBC}") = "LogAnalysis", "log-analysis\LogAnalysis.csproj", "{0291690F-2DF7-48D4-9DD0-4120BBC1F6DD}"
EndProject
Project("{FAE04EC0-301F-11D3-BF4B-00C04F79EFBC}") = "ScrabbleScore", "scrabble-score\ScrabbleScore.csproj", "{94BC39D9-6B38-4A50-A6F8-BC064C09F5C2}"
EndProject
Project("{FAE04EC0-301F-11D3-BF4B-00C04F79EFBC}") = "Darts", "darts\Darts.csproj", "{AA0E444F-3EEB-472E-BF1A-677F8714DA73}"
EndProject
Project("{FAE04EC0-301F-11D3-BF4B-00C04F79EFBC}") = "Triangle", "triangle\Triangle.csproj", "{94C45C02-1AEE-4E12-A281-C67527EBCA0E}"
EndProject
Project("{FAE04EC0-301F-11D3-BF4B-00C04F79EFBC}") = "TimFromMarketing", "tim-from-marketing\TimFromMarketing.csproj", "{825CD362-DE40-418B-A0C3-8144274B8222}"
EndProject
Project("{FAE04EC0-301F-11D3-BF4B-00C04F79EFBC}") = "RomanNumerals", "roman-numerals\RomanNumerals.csproj", "{1202808A-FCE6-4ECF-9DFB-1B2DCD351D89}"
EndProject
Project("{FAE04EC0-301F-11D3-BF4B-00C04F79EFBC}") = "RollTheDie", "roll-the-die\RollTheDie.csproj", "{2D900416-7CE3-4300-9CD8-9F1D779BDF6C}"
EndProject
Project("{FAE04EC0-301F-11D3-BF4B-00C04F79EFBC}") = "PhoneNumberAnalysis", "phone-number-analysis\PhoneNumberAnalysis.csproj", "{EF970CFC-F38D-4B3E-B518-2A6D815EBAFD}"
EndProject
Project("{FAE04EC0-301F-11D3-BF4B-00C04F79EFBC}") = "NeedForSpeed", "need-for-speed\NeedForSpeed.csproj", "{6F694946-B35B-42A8-A477-2163FB5C8A2F}"
EndProject
Project("{FAE04EC0-301F-11D3-BF4B-00C04F79EFBC}") = "SpaceAge", "space-age\SpaceAge.csproj", "{7FED30BD-7E2B-4A6F-907D-3E8B95B49B34}"
EndProject
Global
	GlobalSection(SolutionConfigurationPlatforms) = preSolution
		Debug|Any CPU = Debug|Any CPU
		Release|Any CPU = Release|Any CPU
	EndGlobalSection
	GlobalSection(ProjectConfigurationPlatforms) = postSolution
		{9D87CAEB-179F-43A7-9830-172188E70FB8}.Debug|Any CPU.ActiveCfg = Debug|Any CPU
		{9D87CAEB-179F-43A7-9830-172188E70FB8}.Debug|Any CPU.Build.0 = Debug|Any CPU
		{9D87CAEB-179F-43A7-9830-172188E70FB8}.Release|Any CPU.ActiveCfg = Release|Any CPU
		{9D87CAEB-179F-43A7-9830-172188E70FB8}.Release|Any CPU.Build.0 = Release|Any CPU
		{6633A29E-82A8-41D0-913D-ED7B093E3348}.Debug|Any CPU.ActiveCfg = Debug|Any CPU
		{6633A29E-82A8-41D0-913D-ED7B093E3348}.Debug|Any CPU.Build.0 = Debug|Any CPU
		{6633A29E-82A8-41D0-913D-ED7B093E3348}.Release|Any CPU.ActiveCfg = Release|Any CPU
		{6633A29E-82A8-41D0-913D-ED7B093E3348}.Release|Any CPU.Build.0 = Release|Any CPU
		{76D92F86-5099-46D9-B9DF-D597A2A877C3}.Debug|Any CPU.ActiveCfg = Debug|Any CPU
		{76D92F86-5099-46D9-B9DF-D597A2A877C3}.Debug|Any CPU.Build.0 = Debug|Any CPU
		{76D92F86-5099-46D9-B9DF-D597A2A877C3}.Release|Any CPU.ActiveCfg = Release|Any CPU
		{76D92F86-5099-46D9-B9DF-D597A2A877C3}.Release|Any CPU.Build.0 = Release|Any CPU
		{0291690F-2DF7-48D4-9DD0-4120BBC1F6DD}.Debug|Any CPU.ActiveCfg = Debug|Any CPU
		{0291690F-2DF7-48D4-9DD0-4120BBC1F6DD}.Debug|Any CPU.Build.0 = Debug|Any CPU
		{0291690F-2DF7-48D4-9DD0-4120BBC1F6DD}.Release|Any CPU.ActiveCfg = Release|Any CPU
		{0291690F-2DF7-48D4-9DD0-4120BBC1F6DD}.Release|Any CPU.Build.0 = Release|Any CPU
		{94BC39D9-6B38-4A50-A6F8-BC064C09F5C2}.Debug|Any CPU.ActiveCfg = Debug|Any CPU
		{94BC39D9-6B38-4A50-A6F8-BC064C09F5C2}.Debug|Any CPU.Build.0 = Debug|Any CPU
		{94BC39D9-6B38-4A50-A6F8-BC064C09F5C2}.Release|Any CPU.ActiveCfg = Release|Any CPU
		{94BC39D9-6B38-4A50-A6F8-BC064C09F5C2}.Release|Any CPU.Build.0 = Release|Any CPU
		{AA0E444F-3EEB-472E-BF1A-677F8714DA73}.Debug|Any CPU.ActiveCfg = Debug|Any CPU
		{AA0E444F-3EEB-472E-BF1A-677F8714DA73}.Debug|Any CPU.Build.0 = Debug|Any CPU
		{AA0E444F-3EEB-472E-BF1A-677F8714DA73}.Release|Any CPU.ActiveCfg = Release|Any CPU
		{AA0E444F-3EEB-472E-BF1A-677F8714DA73}.Release|Any CPU.Build.0 = Release|Any CPU
		{94C45C02-1AEE-4E12-A281-C67527EBCA0E}.Debug|Any CPU.ActiveCfg = Debug|Any CPU
		{94C45C02-1AEE-4E12-A281-C67527EBCA0E}.Debug|Any CPU.Build.0 = Debug|Any CPU
		{94C45C02-1AEE-4E12-A281-C67527EBCA0E}.Release|Any CPU.ActiveCfg = Release|Any CPU
		{94C45C02-1AEE-4E12-A281-C67527EBCA0E}.Release|Any CPU.Build.0 = Release|Any CPU
		{825CD362-DE40-418B-A0C3-8144274B8222}.Debug|Any CPU.ActiveCfg = Debug|Any CPU
		{825CD362-DE40-418B-A0C3-8144274B8222}.Debug|Any CPU.Build.0 = Debug|Any CPU
		{825CD362-DE40-418B-A0C3-8144274B8222}.Release|Any CPU.ActiveCfg = Release|Any CPU
		{825CD362-DE40-418B-A0C3-8144274B8222}.Release|Any CPU.Build.0 = Release|Any CPU
		{1202808A-FCE6-4ECF-9DFB-1B2DCD351D89}.Debug|Any CPU.ActiveCfg = Debug|Any CPU
		{1202808A-FCE6-4ECF-9DFB-1B2DCD351D89}.Debug|Any CPU.Build.0 = Debug|Any CPU
		{1202808A-FCE6-4ECF-9DFB-1B2DCD351D89}.Release|Any CPU.ActiveCfg = Release|Any CPU
		{1202808A-FCE6-4ECF-9DFB-1B2DCD351D89}.Release|Any CPU.Build.0 = Release|Any CPU
		{2D900416-7CE3-4300-9CD8-9F1D779BDF6C}.Debug|Any CPU.ActiveCfg = Debug|Any CPU
		{2D900416-7CE3-4300-9CD8-9F1D779BDF6C}.Debug|Any CPU.Build.0 = Debug|Any CPU
		{2D900416-7CE3-4300-9CD8-9F1D779BDF6C}.Release|Any CPU.ActiveCfg = Release|Any CPU
		{2D900416-7CE3-4300-9CD8-9F1D779BDF6C}.Release|Any CPU.Build.0 = Release|Any CPU
		{EF970CFC-F38D-4B3E-B518-2A6D815EBAFD}.Debug|Any CPU.ActiveCfg = Debug|Any CPU
		{EF970CFC-F38D-4B3E-B518-2A6D815EBAFD}.Debug|Any CPU.Build.0 = Debug|Any CPU
		{EF970CFC-F38D-4B3E-B518-2A6D815EBAFD}.Release|Any CPU.ActiveCfg = Release|Any CPU
		{EF970CFC-F38D-4B3E-B518-2A6D815EBAFD}.Release|Any CPU.Build.0 = Release|Any CPU
		{6F694946-B35B-42A8-A477-2163FB5C8A2F}.Debug|Any CPU.ActiveCfg = Debug|Any CPU
		{6F694946-B35B-42A8-A477-2163FB5C8A2F}.Debug|Any CPU.Build.0 = Debug|Any CPU
		{6F694946-B35B-42A8-A477-2163FB5C8A2F}.Release|Any CPU.ActiveCfg = Release|Any CPU
		{6F694946-B35B-42A8-A477-2163FB5C8A2F}.Release|Any CPU.Build.0 = Release|Any CPU
		{7FED30BD-7E2B-4A6F-907D-3E8B95B49B34}.Debug|Any CPU.ActiveCfg = Debug|Any CPU
		{7FED30BD-7E2B-4A6F-907D-3E8B95B49B34}.Debug|Any CPU.Build.0 = Debug|Any CPU
		{7FED30BD-7E2B-4A6F-907D-3E8B95B49B34}.Release|Any CPU.ActiveCfg = Release|Any CPU
		{7FED30BD-7E2B-4A6F-907D-3E8B95B49B34}.Release|Any CPU.Build.0 = Release|Any CPU
	EndGlobalSection
	GlobalSection(SolutionProperties) = preSolution
		HideSolutionNode = FALSE
	EndGlobalSection
	GlobalSection(ExtensibilityGlobals) = postSolution
		SolutionGuid = {264948E0-5C58-4BB8-AD27-86E1EEA2383E}
	EndGlobalSection
EndGlobal
